
Microsoft Visual Studio Solution File, Format Version 12.00
# Visual Studio 15
VisualStudioVersion = 15.0.28307.1082
MinimumVisualStudioVersion = 10.0.40219.1
Project("{FAE04EC0-301F-11D3-BF4B-00C04F79EFBC}") = "AppCommon", "AppCommon\AppCommon.csproj", "{2D983D76-FDEF-40A5-9353-CB8C3FC5903D}"
EndProject
Project("{FAE04EC0-301F-11D3-BF4B-00C04F79EFBC}") = "JavaToolsForm", "JavaToolsForm\JavaToolsForm.csproj", "{472D5E1C-46CF-40D7-93AC-9DA737FF950C}"
EndProject
Project("{FAE04EC0-301F-11D3-BF4B-00C04F79EFBC}") = "JavaToolsBiz", "JavaToolsBiz\JavaToolsBiz.csproj", "{EF900AF9-98DA-421C-B873-0E57D2BC7209}"
EndProject
Global
	GlobalSection(SolutionConfigurationPlatforms) = preSolution
		Debug|Any CPU = Debug|Any CPU
		Release|Any CPU = Release|Any CPU
	EndGlobalSection
	GlobalSection(ProjectConfigurationPlatforms) = postSolution
		{2D983D76-FDEF-40A5-9353-CB8C3FC5903D}.Debug|Any CPU.ActiveCfg = Debug|Any CPU
		{2D983D76-FDEF-40A5-9353-CB8C3FC5903D}.Debug|Any CPU.Build.0 = Debug|Any CPU
		{2D983D76-FDEF-40A5-9353-CB8C3FC5903D}.Release|Any CPU.ActiveCfg = Release|Any CPU
		{2D983D76-FDEF-40A5-9353-CB8C3FC5903D}.Release|Any CPU.Build.0 = Release|Any CPU
		{472D5E1C-46CF-40D7-93AC-9DA737FF950C}.Debug|Any CPU.ActiveCfg = Debug|Any CPU
		{472D5E1C-46CF-40D7-93AC-9DA737FF950C}.Debug|Any CPU.Build.0 = Debug|Any CPU
		{472D5E1C-46CF-40D7-93AC-9DA737FF950C}.Release|Any CPU.ActiveCfg = Release|Any CPU
		{472D5E1C-46CF-40D7-93AC-9DA737FF950C}.Release|Any CPU.Build.0 = Release|Any CPU
		{EF900AF9-98DA-421C-B873-0E57D2BC7209}.Debug|Any CPU.ActiveCfg = Debug|Any CPU
		{EF900AF9-98DA-421C-B873-0E57D2BC7209}.Debug|Any CPU.Build.0 = Debug|Any CPU
		{EF900AF9-98DA-421C-B873-0E57D2BC7209}.Release|Any CPU.ActiveCfg = Release|Any CPU
		{EF900AF9-98DA-421C-B873-0E57D2BC7209}.Release|Any CPU.Build.0 = Release|Any CPU
	EndGlobalSection
	GlobalSection(SolutionProperties) = preSolution
		HideSolutionNode = FALSE
	EndGlobalSection
	GlobalSection(ExtensibilityGlobals) = postSolution
		SolutionGuid = {BA2E8A1A-A357-4F81-99BC-A8A6270A8C6B}
	EndGlobalSection
EndGlobal
